
Microsoft Visual Studio Solution File, Format Version 12.00
# Visual Studio Version 17
VisualStudioVersion = 17.2.32630.192
MinimumVisualStudioVersion = 10.0.40219.1
Project("{FAE04EC0-301F-11D3-BF4B-00C04F79EFBC}") = "MyDictionary", "MyDictionary\MyDictionary.csproj", "{0086331B-9D16-4BC4-BC62-839CB7C9DB4A}"
EndProject
Global
	GlobalSection(SolutionConfigurationPlatforms) = preSolution
		Debug|Any CPU = Debug|Any CPU
		Release|Any CPU = Release|Any CPU
	EndGlobalSection
	GlobalSection(ProjectConfigurationPlatforms) = postSolution
		{0086331B-9D16-4BC4-BC62-839CB7C9DB4A}.Debug|Any CPU.ActiveCfg = Debug|Any CPU
		{0086331B-9D16-4BC4-BC62-839CB7C9DB4A}.Debug|Any CPU.Build.0 = Debug|Any CPU
		{0086331B-9D16-4BC4-BC62-839CB7C9DB4A}.Release|Any CPU.ActiveCfg = Release|Any CPU
		{0086331B-9D16-4BC4-BC62-839CB7C9DB4A}.Release|Any CPU.Build.0 = Release|Any CPU
	EndGlobalSection
	GlobalSection(SolutionProperties) = preSolution
		HideSolutionNode = FALSE
	EndGlobalSection
	GlobalSection(ExtensibilityGlobals) = postSolution
		SolutionGuid = {87BC5CDB-70E4-4690-9D5C-844BED9A5519}
	EndGlobalSection
EndGlobal
